
Microsoft Visual Studio Solution File, Format Version 12.00
# Visual Studio 15
VisualStudioVersion = 15.0.27130.2010
MinimumVisualStudioVersion = 10.0.40219.1
Project("{FAE04EC0-301F-11D3-BF4B-00C04F79EFBC}") = "Cake.Plesk", "Cake.Plesk\Cake.Plesk.csproj", "{FC3535EC-15C4-449E-9CBF-86A7D58A9BF4}"
EndProject
Project("{FAE04EC0-301F-11D3-BF4B-00C04F79EFBC}") = "Cake.Plesk.Tests", "Cake.Plesk.Tests\Cake.Plesk.Tests.csproj", "{90976FAF-7FE1-486E-8085-DC3ED2E1816A}"
EndProject
Global
	GlobalSection(SolutionConfigurationPlatforms) = preSolution
		Debug|Any CPU = Debug|Any CPU
		Release|Any CPU = Release|Any CPU
	EndGlobalSection
	GlobalSection(ProjectConfigurationPlatforms) = postSolution
		{FC3535EC-15C4-449E-9CBF-86A7D58A9BF4}.Debug|Any CPU.ActiveCfg = Debug|Any CPU
		{FC3535EC-15C4-449E-9CBF-86A7D58A9BF4}.Debug|Any CPU.Build.0 = Debug|Any CPU
		{FC3535EC-15C4-449E-9CBF-86A7D58A9BF4}.Release|Any CPU.ActiveCfg = Release|Any CPU
		{FC3535EC-15C4-449E-9CBF-86A7D58A9BF4}.Release|Any CPU.Build.0 = Release|Any CPU
		{90976FAF-7FE1-486E-8085-DC3ED2E1816A}.Debug|Any CPU.ActiveCfg = Debug|Any CPU
		{90976FAF-7FE1-486E-8085-DC3ED2E1816A}.Debug|Any CPU.Build.0 = Debug|Any CPU
		{90976FAF-7FE1-486E-8085-DC3ED2E1816A}.Release|Any CPU.ActiveCfg = Release|Any CPU
		{90976FAF-7FE1-486E-8085-DC3ED2E1816A}.Release|Any CPU.Build.0 = Release|Any CPU
	EndGlobalSection
	GlobalSection(SolutionProperties) = preSolution
		HideSolutionNode = FALSE
	EndGlobalSection
	GlobalSection(ExtensibilityGlobals) = postSolution
		SolutionGuid = {46F00198-0EBB-463E-80B5-02007DA33842}
	EndGlobalSection
EndGlobal
